
Microsoft Visual Studio Solution File, Format Version 12.00
# Visual Studio 2012
Project("{FAE04EC0-301F-11D3-BF4B-00C04F79EFBC}") = "Shree Balaji Medical Billing", "WindowsFormsApplication1\Shree Balaji Medical Billing.csproj", "{2E29E024-CA63-4B51-AC2B-E09E6F15BAAF}"
EndProject
Global
	GlobalSection(SolutionConfigurationPlatforms) = preSolution
		Debug|Any CPU = Debug|Any CPU
		Release|Any CPU = Release|Any CPU
	EndGlobalSection
	GlobalSection(ProjectConfigurationPlatforms) = postSolution
		{2E29E024-CA63-4B51-AC2B-E09E6F15BAAF}.Debug|Any CPU.ActiveCfg = Debug|Any CPU
		{2E29E024-CA63-4B51-AC2B-E09E6F15BAAF}.Debug|Any CPU.Build.0 = Debug|Any CPU
		{2E29E024-CA63-4B51-AC2B-E09E6F15BAAF}.Release|Any CPU.ActiveCfg = Release|Any CPU
		{2E29E024-CA63-4B51-AC2B-E09E6F15BAAF}.Release|Any CPU.Build.0 = Release|Any CPU
	EndGlobalSection
	GlobalSection(SolutionProperties) = preSolution
		HideSolutionNode = FALSE
	EndGlobalSection
EndGlobal
